// !$*UTF8*$!
{
	archiveVersion = 1;
	classes = {
	};
	objectVersion = 46;
	objects = {

/* Begin PBXBuildFile section */
		D7881FCB1D6AA67400C25210 /* FDUtils.h in Headers */ = {isa = PBXBuildFile; fileRef = D7881FCA1D6AA67400C25210 /* FDUtils.h */; settings = {ATTRIBUTES = (Public, ); }; };
		D7881FDD1D6AAA1000C25210 /* FDEncryptionManager.h in Headers */ = {isa = PBXBuildFile; fileRef = D7881FDB1D6AAA1000C25210 /* FDEncryptionManager.h */; };
		D7881FDE1D6AAA1000C25210 /* FDEncryptionManager.m in Sources */ = {isa = PBXBuildFile; fileRef = D7881FDC1D6AAA1000C25210 /* FDEncryptionManager.m */; };
		D7881FE51D6AADF200C25210 /* FDFileManager.h in Headers */ = {isa = PBXBuildFile; fileRef = D7881FE01D6AADF200C25210 /* FDFileManager.h */; };
		D7881FE61D6AADF200C25210 /* FDFileManager.m in Sources */ = {isa = PBXBuildFile; fileRef = D7881FE11D6AADF200C25210 /* FDFileManager.m */; };
		D7881FE71D6AADF200C25210 /* FDPhotosManager.h in Headers */ = {isa = PBXBuildFile; fileRef = D7881FE31D6AADF200C25210 /* FDPhotosManager.h */; };
		D7881FE81D6AADF200C25210 /* FDPhotosManager.m in Sources */ = {isa = PBXBuildFile; fileRef = D7881FE41D6AADF200C25210 /* FDPhotosManager.m */; };
		D7881FF31D6AB0DE00C25210 /* FDRSACryptionManager.h in Headers */ = {isa = PBXBuildFile; fileRef = D7881FF11D6AB0DE00C25210 /* FDRSACryptionManager.h */; };
		D7881FF41D6AB0DE00C25210 /* FDRSACryptionManager.m in Sources */ = {isa = PBXBuildFile; fileRef = D7881FF21D6AB0DE00C25210 /* FDRSACryptionManager.m */; };
/* End PBXBuildFile section */

/* Begin PBXFileReference section */
		D7881FC71D6AA67400C25210 /* FDUtils.framework */ = {isa = PBXFileReference; explicitFileType = wrapper.framework; includeInIndex = 0; path = FDUtils.framework; sourceTree = BUILT_PRODUCTS_DIR; };
		D7881FCA1D6AA67400C25210 /* FDUtils.h */ = {isa = PBXFileReference; lastKnownFileType = sourcecode.c.h; path = FDUtils.h; sourceTree = "<group>"; };
		D7881FD81D6AA97500C25210 /* Info.plist */ = {isa = PBXFileReference; fileEncoding = 4; lastKnownFileType = text.plist.xml; path = Info.plist; sourceTree = "<group>"; };
		D7881FDB1D6AAA1000C25210 /* FDEncryptionManager.h */ = {isa = PBXFileReference; fileEncoding = 4; lastKnownFileType = sourcecode.c.h; path = FDEncryptionManager.h; sourceTree = "<group>"; };
		D7881FDC1D6AAA1000C25210 /* FDEncryptionManager.m */ = {isa = PBXFileReference; fileEncoding = 4; lastKnownFileType = sourcecode.c.objc; path = FDEncryptionManager.m; sourceTree = "<group>"; };
		D7881FE01D6AADF200C25210 /* FDFileManager.h */ = {isa = PBXFileReference; fileEncoding = 4; lastKnownFileType = sourcecode.c.h; path = FDFileManager.h; sourceTree = "<group>"; };
		D7881FE11D6AADF200C25210 /* FDFileManager.m */ = {isa = PBXFileReference; fileEncoding = 4; lastKnownFileType = sourcecode.c.objc; path = FDFileManager.m; sourceTree = "<group>"; };
		D7881FE31D6AADF200C25210 /* FDPhotosManager.h */ = {isa = PBXFileReference; fileEncoding = 4; lastKnownFileType = sourcecode.c.h; path = FDPhotosManager.h; sourceTree = "<group>"; };
		D7881FE41D6AADF200C25210 /* FDPhotosManager.m */ = {isa = PBXFileReference; fileEncoding = 4; lastKnownFileType = sourcecode.c.objc; path = FDPhotosManager.m; sourceTree = "<group>"; };
		D7881FF11D6AB0DE00C25210 /* FDRSACryptionManager.h */ = {isa = PBXFileReference; fileEncoding = 4; lastKnownFileType = sourcecode.c.h; path = FDRSACryptionManager.h; sourceTree = "<group>"; };
		D7881FF21D6AB0DE00C25210 /* FDRSACryptionManager.m */ = {isa = PBXFileReference; fileEncoding = 4; lastKnownFileType = sourcecode.c.objc; path = FDRSACryptionManager.m; sourceTree = "<group>"; };
/* End PBXFileReference section */

/* Begin PBXFrameworksBuildPhase section */
		D7881FC31D6AA67400C25210 /* Frameworks */ = {
			isa = PBXFrameworksBuildPhase;
			buildActionMask = 2147483647;
			files = (
			);
			runOnlyForDeploymentPostprocessing = 0;
		};
/* End PBXFrameworksBuildPhase section */

/* Begin PBXGroup section */
		D7881FBD1D6AA67400C25210 = {
			isa = PBXGroup;
			children = (
				D7881FC91D6AA67400C25210 /* FDUtils */,
				D7881FD21D6AA6A100C25210 /* Supporting File */,
				D7881FC81D6AA67400C25210 /* Products */,
			);
			sourceTree = "<group>";
		};
		D7881FC81D6AA67400C25210 /* Products */ = {
			isa = PBXGroup;
			children = (
				D7881FC71D6AA67400C25210 /* FDUtils.framework */,
			);
			name = Products;
			sourceTree = "<group>";
		};
		D7881FC91D6AA67400C25210 /* FDUtils */ = {
			isa = PBXGroup;
			children = (
				D7881FCA1D6AA67400C25210 /* FDUtils.h */,
				D7881FDF1D6AADF200C25210 /* FDFileManager */,
				D7881FE21D6AADF200C25210 /* FDPhotosManager */,
				D7881FDA1D6AA9E000C25210 /* FDEncryptionManager */,
			);
			path = FDUtils;
			sourceTree = "<group>";
		};
		D7881FD21D6AA6A100C25210 /* Supporting File */ = {
			isa = PBXGroup;
			children = (
				D7881FD81D6AA97500C25210 /* Info.plist */,
			);
			name = "Supporting File";
			path = FDUtils;
			sourceTree = "<group>";
		};
		D7881FDA1D6AA9E000C25210 /* FDEncryptionManager */ = {
			isa = PBXGroup;
			children = (
				D7881FDB1D6AAA1000C25210 /* FDEncryptionManager.h */,
				D7881FDC1D6AAA1000C25210 /* FDEncryptionManager.m */,
				D7881FF11D6AB0DE00C25210 /* FDRSACryptionManager.h */,
				D7881FF21D6AB0DE00C25210 /* FDRSACryptionManager.m */,
			);
			path = FDEncryptionManager;
			sourceTree = "<group>";
		};
		D7881FDF1D6AADF200C25210 /* FDFileManager */ = {
			isa = PBXGroup;
			children = (
				D7881FE01D6AADF200C25210 /* FDFileManager.h */,
				D7881FE11D6AADF200C25210 /* FDFileManager.m */,
			);
			path = FDFileManager;
			sourceTree = "<group>";
		};
		D7881FE21D6AADF200C25210 /* FDPhotosManager */ = {
			isa = PBXGroup;
			children = (
				D7881FE31D6AADF200C25210 /* FDPhotosManager.h */,
				D7881FE41D6AADF200C25210 /* FDPhotosManager.m */,
			);
			path = FDPhotosManager;
			sourceTree = "<group>";
		};
/* End PBXGroup section */

/* Begin PBXHeadersBuildPhase section */
		D7881FC41D6AA67400C25210 /* Headers */ = {
			isa = PBXHeadersBuildPhase;
			buildActionMask = 2147483647;
			files = (
				D7881FF31D6AB0DE00C25210 /* FDRSACryptionManager.h in Headers */,
				D7881FCB1D6AA67400C25210 /* FDUtils.h in Headers */,
				D7881FE71D6AADF200C25210 /* FDPhotosManager.h in Headers */,
				D7881FE51D6AADF200C25210 /* FDFileManager.h in Headers */,
				D7881FDD1D6AAA1000C25210 /* FDEncryptionManager.h in Headers */,
			);
			runOnlyForDeploymentPostprocessing = 0;
		};
/* End PBXHeadersBuildPhase section */

/* Begin PBXNativeTarget section */
		D7881FC61D6AA67400C25210 /* FDUtils */ = {
			isa = PBXNativeTarget;
			buildConfigurationList = D7881FCF1D6AA67400C25210 /* Build configuration list for PBXNativeTarget "FDUtils" */;
			buildPhases = (
				D7881FC21D6AA67400C25210 /* Sources */,
				D7881FC31D6AA67400C25210 /* Frameworks */,
				D7881FC41D6AA67400C25210 /* Headers */,
				D7881FC51D6AA67400C25210 /* Resources */,
			);
			buildRules = (
			);
			dependencies = (
			);
			name = FDUtils;
			productName = FDUtils;
			productReference = D7881FC71D6AA67400C25210 /* FDUtils.framework */;
			productType = "com.apple.product-type.framework";
		};
/* End PBXNativeTarget section */

/* Begin PBXProject section */
		D7881FBE1D6AA67400C25210 /* Project object */ = {
			isa = PBXProject;
			attributes = {
				CLASSPREFIX = FD;
				LastUpgradeCheck = 0730;
				ORGANIZATIONNAME = fandy;
				TargetAttributes = {
					D7881FC61D6AA67400C25210 = {
						CreatedOnToolsVersion = 7.3.1;
					};
				};
			};
			buildConfigurationList = D7881FC11D6AA67400C25210 /* Build configuration list for PBXProject "FDUtils" */;
			compatibilityVersion = "Xcode 3.2";
			developmentRegion = English;
			hasScannedForEncodings = 0;
			knownRegions = (
				en,
			);
			mainGroup = D7881FBD1D6AA67400C25210;
			productRefGroup = D7881FC81D6AA67400C25210 /* Products */;
			projectDirPath = "";
			projectRoot = "";
			targets = (
				D7881FC61D6AA67400C25210 /* FDUtils */,
			);
		};
/* End PBXProject section */

/* Begin PBXResourcesBuildPhase section */
		D7881FC51D6AA67400C25210 /* Resources */ = {
			isa = PBXResourcesBuildPhase;
			buildActionMask = 2147483647;
			files = (
			);
			runOnlyForDeploymentPostprocessing = 0;
		};
/* End PBXResourcesBuildPhase section */

/* Begin PBXSourcesBuildPhase section */
		D7881FC21D6AA67400C25210 /* Sources */ = {
			isa = PBXSourcesBuildPhase;
			buildActionMask = 2147483647;
			files = (
				D7881FF41D6AB0DE00C25210 /* FDRSACryptionManager.m in Sources */,
				D7881FDE1D6AAA1000C25210 /* FDEncryptionManager.m in Sources */,
				D7881FE81D6AADF200C25210 /* FDPhotosManager.m in Sources */,
				D7881FE61D6AADF200C25210 /* FDFileManager.m in Sources */,
			);
			runOnlyForDeploymentPostprocessing = 0;
		};
/* End PBXSourcesBuildPhase section */

/* Begin XCBuildConfiguration section */
		D7881FCD1D6AA67400C25210 /* Debug */ = {
			isa = XCBuildConfiguration;
			buildSettings = {
				ALWAYS_SEARCH_USER_PATHS = NO;
				CLANG_ANALYZER_NONNULL = YES;
				CLANG_CXX_LANGUAGE_STANDARD = "gnu++0x";
				CLANG_CXX_LIBRARY = "libc++";
				CLANG_ENABLE_MODULES = YES;
				CLANG_ENABLE_OBJC_ARC = YES;
				CLANG_WARN_BOOL_CONVERSION = YES;
				CLANG_WARN_CONSTANT_CONVERSION = YES;
				CLANG_WARN_DIRECT_OBJC_ISA_USAGE = YES_ERROR;
				CLANG_WARN_EMPTY_BODY = YES;
				CLANG_WARN_ENUM_CONVERSION = YES;
				CLANG_WARN_INT_CONVERSION = YES;
				CLANG_WARN_OBJC_ROOT_CLASS = YES_ERROR;
				CLANG_WARN_UNREACHABLE_CODE = YES;
				CLANG_WARN__DUPLICATE_METHOD_MATCH = YES;
				"CODE_SIGN_IDENTITY[sdk=iphoneos*]" = "iPhone Developer";
				COPY_PHASE_STRIP = NO;
				CURRENT_PROJECT_VERSION = 1;
				DEBUG_INFORMATION_FORMAT = dwarf;
				ENABLE_STRICT_OBJC_MSGSEND = YES;
				ENABLE_TESTABILITY = YES;
				GCC_C_LANGUAGE_STANDARD = gnu99;
				GCC_DYNAMIC_NO_PIC = NO;
				GCC_NO_COMMON_BLOCKS = YES;
				GCC_OPTIMIZATION_LEVEL = 0;
				GCC_PREPROCESSOR_DEFINITIONS = (
					"DEBUG=1",
					"$(inherited)",
				);
				GCC_WARN_64_TO_32_BIT_CONVERSION = YES;
				GCC_WARN_ABOUT_RETURN_TYPE = YES_ERROR;
				GCC_WARN_UNDECLARED_SELECTOR = YES;
				GCC_WARN_UNINITIALIZED_AUTOS = YES_AGGRESSIVE;
				GCC_WARN_UNUSED_FUNCTION = YES;
				GCC_WARN_UNUSED_VARIABLE = YES;
				IPHONEOS_DEPLOYMENT_TARGET = 9.3;
				MTL_ENABLE_DEBUG_INFO = YES;
				ONLY_ACTIVE_ARCH = YES;
				SDKROOT = iphoneos;
				TARGETED_DEVICE_FAMILY = "1,2";
				VERSIONING_SYSTEM = "apple-generic";
				VERSION_INFO_PREFIX = "";
			};
			name = Debug;
		};
		D7881FCE1D6AA67400C25210 /* Release */ = {
			isa = XCBuildConfiguration;
			buildSettings = {
				ALWAYS_SEARCH_USER_PATHS = NO;
				CLANG_ANALYZER_NONNULL = YES;
				CLANG_CXX_LANGUAGE_STANDARD = "gnu++0x";
				CLANG_CXX_LIBRARY = "libc++";
				CLANG_ENABLE_MODULES = YES;
				CLANG_ENABLE_OBJC_ARC = YES;
				CLANG_WARN_BOOL_CONVERSION = YES;
				CLANG_WARN_CONSTANT_CONVERSION = YES;
				CLANG_WARN_DIRECT_OBJC_ISA_USAGE = YES_ERROR;
				CLANG_WARN_EMPTY_BODY = YES;
				CLANG_WARN_ENUM_CONVERSION = YES;
				CLANG_WARN_INT_CONVERSION = YES;
				CLANG_WARN_OBJC_ROOT_CLASS = YES_ERROR;
				CLANG_WARN_UNREACHABLE_CODE = YES;
				CLANG_WARN__DUPLICATE_METHOD_MATCH = YES;
				"CODE_SIGN_IDENTITY[sdk=iphoneos*]" = "iPhone Developer";
				COPY_PHASE_STRIP = NO;
				CURRENT_PROJECT_VERSION = 1;
				DEBUG_INFORMATION_FORMAT = "dwarf-with-dsym";
				ENABLE_NS_ASSERTIONS = NO;
				ENABLE_STRICT_OBJC_MSGSEND = YES;
				GCC_C_LANGUAGE_STANDARD = gnu99;
				GCC_NO_COMMON_BLOCKS = YES;
				GCC_WARN_64_TO_32_BIT_CONVERSION = YES;
				GCC_WARN_ABOUT_RETURN_TYPE = YES_ERROR;
				GCC_WARN_UNDECLARED_SELECTOR = YES;
				GCC_WARN_UNINITIALIZED_AUTOS = YES_AGGRESSIVE;
				GCC_WARN_UNUSED_FUNCTION = YES;
				GCC_WARN_UNUSED_VARIABLE = YES;
				IPHONEOS_DEPLOYMENT_TARGET = 9.3;
				MTL_ENABLE_DEBUG_INFO = NO;
				SDKROOT = iphoneos;
				TARGETED_DEVICE_FAMILY = "1,2";
				VALIDATE_PRODUCT = YES;
				VERSIONING_SYSTEM = "apple-generic";
				VERSION_INFO_PREFIX = "";
			};
			name = Release;
		};
		D7881FD01D6AA67400C25210 /* Debug */ = {
			isa = XCBuildConfiguration;
			buildSettings = {
				DEFINES_MODULE = YES;
				DYLIB_COMPATIBILITY_VERSION = 1;
				DYLIB_CURRENT_VERSION = 1;
				DYLIB_INSTALL_NAME_BASE = "@rpath";
				INFOPLIST_FILE = FDUtils/Info.plist;
				INSTALL_PATH = "$(LOCAL_LIBRARY_DIR)/Frameworks";
				LD_RUNPATH_SEARCH_PATHS = "$(inherited) @executable_path/Frameworks @loader_path/Frameworks";
				PRODUCT_BUNDLE_IDENTIFIER = com.fandy.FDUtils;
				PRODUCT_NAME = "$(TARGET_NAME)";
				SKIP_INSTALL = YES;
			};
			name = Debug;
		};
		D7881FD11D6AA67400C25210 /* Release */ = {
			isa = XCBuildConfiguration;
			buildSettings = {
				DEFINES_MODULE = YES;
				DYLIB_COMPATIBILITY_VERSION = 1;
				DYLIB_CURRENT_VERSION = 1;
				DYLIB_INSTALL_NAME_BASE = "@rpath";
				INFOPLIST_FILE = FDUtils/Info.plist;
				INSTALL_PATH = "$(LOCAL_LIBRARY_DIR)/Frameworks";
				LD_RUNPATH_SEARCH_PATHS = "$(inherited) @executable_path/Frameworks @loader_path/Frameworks";
				PRODUCT_BUNDLE_IDENTIFIER = com.fandy.FDUtils;
				PRODUCT_NAME = "$(TARGET_NAME)";
				SKIP_INSTALL = YES;
			};
			name = Release;
		};
/* End XCBuildConfiguration section */

/* Begin XCConfigurationList section */
		D7881FC11D6AA67400C25210 /* Build configuration list for PBXProject "FDUtils" */ = {
			isa = XCConfigurationList;
			buildConfigurations = (
				D7881FCD1D6AA67400C25210 /* Debug */,
				D7881FCE1D6AA67400C25210 /* Release */,
			);
			defaultConfigurationIsVisible = 0;
			defaultConfigurationName = Release;
		};
		D7881FCF1D6AA67400C25210 /* Build configuration list for PBXNativeTarget "FDUtils" */ = {
			isa = XCConfigurationList;
			buildConfigurations = (
				D7881FD01D6AA67400C25210 /* Debug */,
				D7881FD11D6AA67400C25210 /* Release */,
			);
			defaultConfigurationIsVisible = 0;
			defaultConfigurationName = Release;
		};
/* End XCConfigurationList section */
	};
	rootObject = D7881FBE1D6AA67400C25210 /* Project object */;
}
